PODS:
  - QBImagePickerController (3.4.0)
  - React/Core (0.55.4):
    - yoga (= 0.55.4.React)
  - React/fishhook (0.55.4)
  - React/RCTActionSheet (0.55.4):
    - React/Core
  - React/RCTAnimation (0.55.4):
    - React/Core
  - React/RCTBlob (0.55.4):
    - React/Core
  - React/RCTGeolocation (0.55.4):
    - React/Core
  - React/RCTImage (0.55.4):
    - React/Core
    - React/RCTNetwork
  - React/RCTLinkingIOS (0.55.4):
    - React/Core
  - React/RCTNetwork (0.55.4):
    - React/Core
  - React/RCTSettings (0.55.4):
    - React/Core
  - React/RCTText (0.55.4):
    - React/Core
  - React/RCTVibration (0.55.4):
    - React/Core
  - React/RCTWebSocket (0.55.4):
    - React/Core
    - React/fishhook
    - React/RCTBlob
  - RNImageCropPicker (0.20.3):
    - QBImagePickerController
    - React/Core
    - RSKImageCropper
  - RSKImageCropper (1.6.3)
  - yoga (0.55.4.React)

DEPENDENCIES:
  - React/Core (from `../node_modules/react-native`)
  - React/RCTActionSheet (from `../node_modules/react-native`)
  - React/RCTAnimation (from `../node_modules/react-native`)
  - React/RCTGeolocation (from `../node_modules/react-native`)
  - React/RCTImage (from `../node_modules/react-native`)
  - React/RCTLinkingIOS (from `../node_modules/react-native`)
  - React/RCTNetwork (from `../node_modules/react-native`)
  - React/RCTSettings (from `../node_modules/react-native`)
  - React/RCTText (from `../node_modules/react-native`)
  - React/RCTVibration (from `../node_modules/react-native`)
  - React/RCTWebSocket (from `../node_modules/react-native`)
  - RNImageCropPicker (from `../node_modules/react-native-image-crop-picker`)
  - yoga (from `../node_modules/react-native/ReactCommon/yoga/yoga.podspec`)

EXTERNAL SOURCES:
  React:
    :path: ../node_modules/react-native
  RNImageCropPicker:
    :path: ../node_modules/react-native-image-crop-picker
  yoga:
    :path: ../node_modules/react-native/ReactCommon/yoga/yoga.podspec

SPEC CHECKSUMS:
  QBImagePickerController: d54cf93db6decf26baf6ed3472f336ef35cae022
  React: 755b16d9a9387e856d4dce6528130c51e4d409b8
  RNImageCropPicker: 043273b7368fdfb61cc458f359242f0fb75139be
  RSKImageCropper: 356e36fc58c57c371b5d8b23d603936d6a73df6c
  yoga: c3ce6137f85f60c93a834235d7f08e2b44a42eed

PODFILE CHECKSUM: f2ffaec7b7ef7f91e5f0ff91920bf12794c38b76

COCOAPODS: 1.3.1
